{
  "version": 4,
  "terraform_version": "1.0.8",
  "serial": 1346,
  "lineage": "bd7164cb-34de-8ace-63b0-40ec5961c60b",
  "outputs": {},
  "resources": [
    {
      "mode": "data",
      "type": "template_file",
      "name": "init",
      "provider": "provider[\"registry.terraform.io/hashicorp/template\"]",
      "instances": [
        {
          "schema_version": 0,
          "attributes": {
            "filename": null,
            "id": "fcd101f14fc828f76a2b2dd2cf2b6d3534e2f2a3752495a1cdf9236c6fd3a433",
            "rendered": "#!/bin/bash\n#* wait until efs mount is finished\n#sleep 2m\n#* update the instnce\nsudo apt-get update\nsudo apt install git \n#* install the efs client \nsudo apt-get -y install git binutils\nsudo git clone https://github.com/aws/efs-utils\ncd efs-utils\nsudo ./build-deb.sh\nsudo apt-get -y install ./build/amazon-efs-utils*deb\n#* make the target mount\nsudo mkdir /efs\n#* mount the efs\nsudo mount -t efs -o tls fs-0c219dbb0c36e9f1f:/ /efs\n#* insure if the instance got rebooted, the instance will remount  efs \necho 'fs-0c219dbb0c36e9f1f fsmt-04636b8558ffce638 /efs _netdev,tls,accesspoint=fsap-04308200f1fa30dfc 0 0' \u003e\u003e /etc/fstab\n#* install docker\nsudo apt install docker.io -y\n#* let it be run without sudo\nsudo usermod -a -G docker ubuntu\n#* start docker engine\nsudo service docker start\nsudo update-rc.d docker\n#* install docker-compose\nsudo curl -L https://github.com/docker/compose/releases/download/1.26.0/docker-compose-`uname -s`-`uname -m` | sudo tee /usr/local/bin/docker-compose \u003e /dev/null\n#* make it executable\nsudo chmod +x /usr/local/bin/docker-compose\n#* link docker-compose with bin folder so it can be called globally\nsudo ln -s /usr/local/bin/docker-compose /usr/bin/docker-compose\n#* give it permission to work without sudo\nsudo usermod -a -G docker-compose ubuntu\n#* make folders that docker-compose.yaml needs for volumes\nsudo mkdir /efs/db /efs/wordpress\n#* run docker-compose.yaml\ncd /home/ubuntu/\nsudo git clone https://github.com/yassermoreno2013/aws_terra_worpress.git\nsudo docker-compose -f /home/ubuntu/aws_terra_worpress/docker-compose.yml up --build -d",
            "template": "#!/bin/bash\n#* wait until efs mount is finished\n#sleep 2m\n#* update the instnce\nsudo apt-get update\nsudo apt install git \n#* install the efs client \nsudo apt-get -y install git binutils\nsudo git clone https://github.com/aws/efs-utils\ncd efs-utils\nsudo ./build-deb.sh\nsudo apt-get -y install ./build/amazon-efs-utils*deb\n#* make the target mount\nsudo mkdir /efs\n#* mount the efs\nsudo mount -t efs -o tls ${efs_id}:/ /efs\n#* insure if the instance got rebooted, the instance will remount  efs \necho '${efs_id} ${efs_mount_id} /efs _netdev,tls,accesspoint=${efs_access_point_id} 0 0' \u003e\u003e /etc/fstab\n#* install docker\nsudo apt install docker.io -y\n#* let it be run without sudo\nsudo usermod -a -G docker ubuntu\n#* start docker engine\nsudo service docker start\nsudo update-rc.d docker\n#* install docker-compose\nsudo curl -L https://github.com/docker/compose/releases/download/1.26.0/docker-compose-`uname -s`-`uname -m` | sudo tee /usr/local/bin/docker-compose \u003e /dev/null\n#* make it executable\nsudo chmod +x /usr/local/bin/docker-compose\n#* link docker-compose with bin folder so it can be called globally\nsudo ln -s /usr/local/bin/docker-compose /usr/bin/docker-compose\n#* give it permission to work without sudo\nsudo usermod -a -G docker-compose ubuntu\n#* make folders that docker-compose.yaml needs for volumes\nsudo mkdir /efs/db /efs/wordpress\n#* run docker-compose.yaml\ncd /home/ubuntu/\nsudo git clone https://github.com/yassermoreno2013/aws_terra_worpress.git\nsudo docker-compose -f /home/ubuntu/aws_terra_worpress/docker-compose.yml up --build -d",
            "vars": {
              "efs_access_point_id": "fsap-04308200f1fa30dfc",
              "efs_id": "fs-0c219dbb0c36e9f1f",
              "efs_mount_id": "fsmt-04636b8558ffce638"
            }
          },
          "sensitive_attributes": []
        }
      ]
    },
    {
      "mode": "managed",
      "type": "aws_efs_access_point",
      "name": "efs_access_point",
      "provider": "provider[\"registry.terraform.io/hashicorp/aws\"]",
      "instances": [
        {
          "schema_version": 0,
          "attributes": {
            "arn": "arn:aws:elasticfilesystem:us-east-2:319332326148:access-point/fsap-04308200f1fa30dfc",
            "file_system_arn": "arn:aws:elasticfilesystem:us-east-2:319332326148:file-system/fs-0c219dbb0c36e9f1f",
            "file_system_id": "fs-0c219dbb0c36e9f1f",
            "id": "fsap-04308200f1fa30dfc",
            "owner_id": "319332326148",
            "posix_user": [],
            "root_directory": [
              {
                "creation_info": [],
                "path": "/"
              }
            ],
            "tags": null,
            "tags_all": {}
          },
          "sensitive_attributes": [],
          "private": "bnVsbA==",
          "dependencies": [
            "aws_efs_file_system.efs",
            "aws_efs_mount_target.efs_mount",
            "module.efs_sg.aws_security_group.this",
            "module.efs_sg.aws_security_group.this_name_prefix",
            "module.vpc.aws_subnet.public",
            "module.vpc.aws_vpc.this",
            "module.vpc.aws_vpc_ipv4_cidr_block_association.this"
          ]
        }
      ]
    },
    {
      "mode": "managed",
      "type": "aws_efs_file_system",
      "name": "efs",
      "provider": "provider[\"registry.terraform.io/hashicorp/aws\"]",
      "instances": [
        {
          "schema_version": 0,
          "attributes": {
            "arn": "arn:aws:elasticfilesystem:us-east-2:319332326148:file-system/fs-0c219dbb0c36e9f1f",
            "availability_zone_id": "",
            "availability_zone_name": "",
            "creation_token": "Terraform_test_efs",
            "dns_name": "fs-0c219dbb0c36e9f1f.efs.us-east-2.amazonaws.com",
            "encrypted": true,
            "id": "fs-0c219dbb0c36e9f1f",
            "kms_key_id": "arn:aws:kms:us-east-2:319332326148:key/6a07195b-0a37-4735-9dd6-ebd15e6b9ea6",
            "lifecycle_policy": [],
            "number_of_mount_targets": 0,
            "owner_id": "319332326148",
            "performance_mode": "generalPurpose",
            "provisioned_throughput_in_mibps": 0,
            "size_in_bytes": [
              {
                "value": 6144,
                "value_in_ia": 0,
                "value_in_standard": 6144
              }
            ],
            "tags": {
              "Name": "Terraform_test_efs"
            },
            "tags_all": {
              "Name": "Terraform_test_efs"
            },
            "throughput_mode": "bursting"
          },
          "sensitive_attributes": [],
          "private": "bnVsbA=="
        }
      ]
    },
    {
      "mode": "managed",
      "type": "aws_efs_mount_target",
      "name": "efs_mount",
      "provider": "provider[\"registry.terraform.io/hashicorp/aws\"]",
      "instances": [
        {
          "schema_version": 0,
          "attributes": {
            "availability_zone_id": "use2-az1",
            "availability_zone_name": "us-east-2a",
            "dns_name": "fs-0c219dbb0c36e9f1f.efs.us-east-2.amazonaws.com",
            "file_system_arn": "arn:aws:elasticfilesystem:us-east-2:319332326148:file-system/fs-0c219dbb0c36e9f1f",
            "file_system_id": "fs-0c219dbb0c36e9f1f",
            "id": "fsmt-04636b8558ffce638",
            "ip_address": "10.0.101.137",
            "mount_target_dns_name": "us-east-2a.fs-0c219dbb0c36e9f1f.efs.us-east-2.amazonaws.com",
            "network_interface_id": "eni-0118c38297c3d2c95",
            "owner_id": "319332326148",
            "security_groups": [
              "sg-0aa8b362467bb51ed"
            ],
            "subnet_id": "subnet-0e2a06763b1c00ccc"
          },
          "sensitive_attributes": [],
          "private": "bnVsbA==",
          "dependencies": [
            "aws_efs_file_system.efs",
            "module.efs_sg.aws_security_group.this",
            "module.efs_sg.aws_security_group.this_name_prefix",
            "module.vpc.aws_subnet.public",
            "module.vpc.aws_vpc.this",
            "module.vpc.aws_vpc_ipv4_cidr_block_association.this"
          ]
        }
      ]
    },
    {
      "mode": "managed",
      "type": "aws_key_pair",
      "name": "ec2key",
      "provider": "provider[\"registry.terraform.io/hashicorp/aws\"]",
      "instances": [
        {
          "schema_version": 1,
          "attributes": {
            "arn": "arn:aws:ec2:us-east-2:319332326148:key-pair/id_rsa.pub",
            "fingerprint": "72:8c:34:cd:39:62:19:9d:7f:87:fc:05:08:e2:f5:b9",
            "id": "id_rsa.pub",
            "key_name": "id_rsa.pub",
            "key_name_prefix": "",
            "key_pair_id": "key-022b163718f0df67a",
            "public_key": "ssh-rsa AAAAB3NzaC1yc2EAAAADAQABAAACAQDAUVfqYG1WPuzMVnA9TS149aWRJa2C6ur7UsUWI3tsPhlOwzkEpQ7TKGaLvFtqeM5R1DMXC+slnxVxVHZC5czHjFF86P3eo7f1yp3MOD0YEv0NWAIaZYSnLnm3EBiQ+9AV+tnj4Bmk0VjGlVtSjRR9uhfdI+omHqpOdz9c8o14d60q8KFy75eP2P/3eM5PUJE0qSPLRr++kM6zdWcjQjbS3eHXbLNti/a5o95lGwSYhVFXyAQc+K8rRrAdSmRGs/V9tIUiracbyaGZqmKJE4MNSkGBCpajtdj3ICKPZIlo3SNQxQqQlKOXUfamef0Z8iCmEeAGWgiFHS74s5+44Q65xWCpI0HtZYcsiSH/bM2POSzRKd/FOJ0cXqQPcfdKoqwJ85St6B9ts+fycB5rJDVsmA87t8FhbWVv5t+/jbuvLG4H/DixW8lOx2BKajWIuZQTmWYYR6IEhvbfUDtididgOVIJ7jiscjWqmi8kBHri0GeqcbNCfHAs6hX4gfnf7L96VfggfFJmL38o9TiRxB22DZpbJiBnoKkMt3POz1MHWK5mTe2yv87o+A0P3hx90vBZfuTt71M4HmoMsxp0EsuIBsUR5c6LD9bhkQqgL3g5DFIhki9wA84w7uoaHLJoCkGIZPatkODlwiT9/ooa+VotFhKEb1s3Z5lJ/JUQYZ8tRw== your_email@example.com",
            "tags": null,
            "tags_all": {}
          },
          "sensitive_attributes": [],
          "private": "eyJzY2hlbWFfdmVyc2lvbiI6IjEifQ=="
        }
      ]
    },
    {
      "module": "module.efs_sg",
      "mode": "managed",
      "type": "aws_security_group",
      "name": "this_name_prefix",
      "provider": "provider[\"registry.terraform.io/hashicorp/aws\"]",
      "instances": [
        {
          "index_key": 0,
          "schema_version": 1,
          "attributes": {
            "arn": "arn:aws:ec2:us-east-2:319332326148:security-group/sg-0aa8b362467bb51ed",
            "description": "Security group for user-service with custom ports open within VPC, and PostgreSQL publicly open",
            "egress": [],
            "id": "sg-0aa8b362467bb51ed",
            "ingress": [],
            "name": "user-service-sg-efs-20211214172617712900000001",
            "name_prefix": "user-service-sg-efs-",
            "owner_id": "319332326148",
            "revoke_rules_on_delete": false,
            "tags": {
              "Name": "user-service-sg-efs"
            },
            "tags_all": {
              "Name": "user-service-sg-efs"
            },
            "timeouts": {
              "create": "10m",
              "delete": "15m"
            },
            "vpc_id": "vpc-0fb04deac71cdc919"
          },
          "sensitive_attributes": [],
          "private": "eyJlMmJmYjczMC1lY2FhLTExZTYtOGY4OC0zNDM2M2JjN2M0YzAiOnsiY3JlYXRlIjo2MDAwMDAwMDAwMDAsImRlbGV0ZSI6OTAwMDAwMDAwMDAwfSwic2NoZW1hX3ZlcnNpb24iOiIxIn0=",
          "dependencies": [
            "module.vpc.aws_vpc.this"
          ],
          "create_before_destroy": true
        }
      ]
    },
    {
      "module": "module.efs_sg",
      "mode": "managed",
      "type": "aws_security_group_rule",
      "name": "computed_ingress_with_source_security_group_id",
      "provider": "provider[\"registry.terraform.io/hashicorp/aws\"]",
      "instances": [
        {
          "index_key": 0,
          "schema_version": 2,
          "attributes": {
            "cidr_blocks": null,
            "description": "Ingress Rule",
            "from_port": 2049,
            "id": "sgrule-3725724415",
            "ipv6_cidr_blocks": null,
            "prefix_list_ids": [],
            "protocol": "tcp",
            "security_group_id": "sg-0aa8b362467bb51ed",
            "self": false,
            "source_security_group_id": "sg-0e2849bf2eb77dfda",
            "to_port": 2049,
            "type": "ingress"
          },
          "sensitive_attributes": [],
          "private": "eyJzY2hlbWFfdmVyc2lvbiI6IjIifQ==",
          "dependencies": [
            "module.efs_sg.aws_security_group.this",
            "module.efs_sg.aws_security_group.this_name_prefix",
            "module.instance_sg.aws_security_group.this",
            "module.instance_sg.aws_security_group.this_name_prefix",
            "module.vpc.aws_vpc.this"
          ]
        }
      ]
    },
    {
      "module": "module.efs_sg",
      "mode": "managed",
      "type": "aws_security_group_rule",
      "name": "egress_with_cidr_blocks",
      "provider": "provider[\"registry.terraform.io/hashicorp/aws\"]",
      "instances": [
        {
          "index_key": 0,
          "schema_version": 2,
          "attributes": {
            "cidr_blocks": [
              "0.0.0.0/0"
            ],
            "description": "Egress Rule",
            "from_port": -1,
            "id": "sgrule-3840928919",
            "ipv6_cidr_blocks": null,
            "prefix_list_ids": [],
            "protocol": "-1",
            "security_group_id": "sg-0aa8b362467bb51ed",
            "self": false,
            "source_security_group_id": null,
            "to_port": -1,
            "type": "egress"
          },
          "sensitive_attributes": [],
          "private": "eyJzY2hlbWFfdmVyc2lvbiI6IjIifQ==",
          "dependencies": [
            "module.efs_sg.aws_security_group.this",
            "module.efs_sg.aws_security_group.this_name_prefix",
            "module.vpc.aws_vpc.this"
          ]
        }
      ]
    },
    {
      "module": "module.instance_sg",
      "mode": "managed",
      "type": "aws_security_group",
      "name": "this_name_prefix",
      "provider": "provider[\"registry.terraform.io/hashicorp/aws\"]",
      "instances": [
        {
          "index_key": 0,
          "schema_version": 1,
          "attributes": {
            "arn": "arn:aws:ec2:us-east-2:319332326148:security-group/sg-0e2849bf2eb77dfda",
            "description": "Security group for user-service with custom ports open within VPC, and PostgreSQL publicly open",
            "egress": [],
            "id": "sg-0e2849bf2eb77dfda",
            "ingress": [],
            "name": "user-service-sg-20211214172617715200000002",
            "name_prefix": "user-service-sg-",
            "owner_id": "319332326148",
            "revoke_rules_on_delete": false,
            "tags": {
              "Name": "user-service-sg"
            },
            "tags_all": {
              "Name": "user-service-sg"
            },
            "timeouts": {
              "create": "10m",
              "delete": "15m"
            },
            "vpc_id": "vpc-0fb04deac71cdc919"
          },
          "sensitive_attributes": [],
          "private": "eyJlMmJmYjczMC1lY2FhLTExZTYtOGY4OC0zNDM2M2JjN2M0YzAiOnsiY3JlYXRlIjo2MDAwMDAwMDAwMDAsImRlbGV0ZSI6OTAwMDAwMDAwMDAwfSwic2NoZW1hX3ZlcnNpb24iOiIxIn0=",
          "dependencies": [
            "module.vpc.aws_vpc.this"
          ],
          "create_before_destroy": true
        }
      ]
    },
    {
      "module": "module.instance_sg",
      "mode": "managed",
      "type": "aws_security_group_rule",
      "name": "egress_with_cidr_blocks",
      "provider": "provider[\"registry.terraform.io/hashicorp/aws\"]",
      "instances": [
        {
          "index_key": 0,
          "schema_version": 2,
          "attributes": {
            "cidr_blocks": [
              "0.0.0.0/0"
            ],
            "description": "Egress Rule",
            "from_port": -1,
            "id": "sgrule-2505585790",
            "ipv6_cidr_blocks": null,
            "prefix_list_ids": [],
            "protocol": "-1",
            "security_group_id": "sg-0e2849bf2eb77dfda",
            "self": false,
            "source_security_group_id": null,
            "to_port": -1,
            "type": "egress"
          },
          "sensitive_attributes": [],
          "private": "eyJzY2hlbWFfdmVyc2lvbiI6IjIifQ==",
          "dependencies": [
            "module.instance_sg.aws_security_group.this",
            "module.instance_sg.aws_security_group.this_name_prefix",
            "module.vpc.aws_vpc.this"
          ]
        }
      ]
    },
    {
      "module": "module.instance_sg",
      "mode": "managed",
      "type": "aws_security_group_rule",
      "name": "ingress_with_cidr_blocks",
      "provider": "provider[\"registry.terraform.io/hashicorp/aws\"]",
      "instances": [
        {
          "index_key": 0,
          "schema_version": 2,
          "attributes": {
            "cidr_blocks": [
              "0.0.0.0/0"
            ],
            "description": "Ingress Rule",
            "from_port": 80,
            "id": "sgrule-3876480034",
            "ipv6_cidr_blocks": null,
            "prefix_list_ids": [],
            "protocol": "tcp",
            "security_group_id": "sg-0e2849bf2eb77dfda",
            "self": false,
            "source_security_group_id": null,
            "to_port": 80,
            "type": "ingress"
          },
          "sensitive_attributes": [],
          "private": "eyJzY2hlbWFfdmVyc2lvbiI6IjIifQ==",
          "dependencies": [
            "module.instance_sg.aws_security_group.this",
            "module.instance_sg.aws_security_group.this_name_prefix",
            "module.vpc.aws_vpc.this"
          ]
        },
        {
          "index_key": 1,
          "schema_version": 2,
          "attributes": {
            "cidr_blocks": [
              "0.0.0.0/0"
            ],
            "description": "Ingress Rule",
            "from_port": 22,
            "id": "sgrule-1367619991",
            "ipv6_cidr_blocks": null,
            "prefix_list_ids": [],
            "protocol": "tcp",
            "security_group_id": "sg-0e2849bf2eb77dfda",
            "self": false,
            "source_security_group_id": null,
            "to_port": 22,
            "type": "ingress"
          },
          "sensitive_attributes": [],
          "private": "eyJzY2hlbWFfdmVyc2lvbiI6IjIifQ==",
          "dependencies": [
            "module.instance_sg.aws_security_group.this",
            "module.instance_sg.aws_security_group.this_name_prefix",
            "module.vpc.aws_vpc.this"
          ]
        },
        {
          "index_key": 2,
          "schema_version": 2,
          "attributes": {
            "cidr_blocks": [
              "0.0.0.0/0"
            ],
            "description": "Ingress Rule",
            "from_port": 8080,
            "id": "sgrule-808792712",
            "ipv6_cidr_blocks": null,
            "prefix_list_ids": [],
            "protocol": "tcp",
            "security_group_id": "sg-0e2849bf2eb77dfda",
            "self": false,
            "source_security_group_id": null,
            "to_port": 8080,
            "type": "ingress"
          },
          "sensitive_attributes": [],
          "private": "eyJzY2hlbWFfdmVyc2lvbiI6IjIifQ==",
          "dependencies": [
            "module.instance_sg.aws_security_group.this",
            "module.instance_sg.aws_security_group.this_name_prefix",
            "module.vpc.aws_vpc.this"
          ]
        }
      ]
    },
    {
      "module": "module.vpc",
      "mode": "managed",
      "type": "aws_internet_gateway",
      "name": "this",
      "provider": "provider[\"registry.terraform.io/hashicorp/aws\"]",
      "instances": [
        {
          "index_key": 0,
          "schema_version": 0,
          "attributes": {
            "arn": "arn:aws:ec2:us-east-2:319332326148:internet-gateway/igw-0a7d4c16bc25ea6e1",
            "id": "igw-0a7d4c16bc25ea6e1",
            "owner_id": "319332326148",
            "tags": {
              "Environment": "dev",
              "Name": "Terraform_test_example_1",
              "Terraform": "true"
            },
            "tags_all": {
              "Environment": "dev",
              "Name": "Terraform_test_example_1",
              "Terraform": "true"
            },
            "vpc_id": "vpc-0fb04deac71cdc919"
          },
          "sensitive_attributes": [],
          "private": "bnVsbA==",
          "dependencies": [
            "module.vpc.aws_vpc.this",
            "module.vpc.aws_vpc_ipv4_cidr_block_association.this"
          ]
        }
      ]
    },
    {
      "module": "module.vpc",
      "mode": "managed",
      "type": "aws_route",
      "name": "public_internet_gateway",
      "provider": "provider[\"registry.terraform.io/hashicorp/aws\"]",
      "instances": [
        {
          "index_key": 0,
          "schema_version": 0,
          "attributes": {
            "carrier_gateway_id": "",
            "destination_cidr_block": "0.0.0.0/0",
            "destination_ipv6_cidr_block": "",
            "destination_prefix_list_id": "",
            "egress_only_gateway_id": "",
            "gateway_id": "igw-0a7d4c16bc25ea6e1",
            "id": "r-rtb-059f13b1144e499c11080289494",
            "instance_id": "",
            "instance_owner_id": "",
            "local_gateway_id": "",
            "nat_gateway_id": "",
            "network_interface_id": "",
            "origin": "CreateRoute",
            "route_table_id": "rtb-059f13b1144e499c1",
            "state": "active",
            "timeouts": {
              "create": "5m",
              "delete": null,
              "update": null
            },
            "transit_gateway_id": "",
            "vpc_endpoint_id": "",
            "vpc_peering_connection_id": ""
          },
          "sensitive_attributes": [],
          "private": "eyJlMmJmYjczMC1lY2FhLTExZTYtOGY4OC0zNDM2M2JjN2M0YzAiOnsiY3JlYXRlIjozMDAwMDAwMDAwMDAsImRlbGV0ZSI6MzAwMDAwMDAwMDAwLCJ1cGRhdGUiOjEyMDAwMDAwMDAwMH19",
          "dependencies": [
            "module.vpc.aws_internet_gateway.this",
            "module.vpc.aws_route_table.public",
            "module.vpc.aws_vpc.this",
            "module.vpc.aws_vpc_ipv4_cidr_block_association.this"
          ]
        }
      ]
    },
    {
      "module": "module.vpc",
      "mode": "managed",
      "type": "aws_route_table",
      "name": "private",
      "provider": "provider[\"registry.terraform.io/hashicorp/aws\"]",
      "instances": [
        {
          "index_key": 0,
          "schema_version": 0,
          "attributes": {
            "arn": "arn:aws:ec2:us-east-2:319332326148:route-table/rtb-08c8138270fbbbb6d",
            "id": "rtb-08c8138270fbbbb6d",
            "owner_id": "319332326148",
            "propagating_vgws": [],
            "route": [],
            "tags": {
              "Environment": "dev",
              "Name": "Terraform_test_example_1-private-us-east-2a",
              "Terraform": "true"
            },
            "tags_all": {
              "Environment": "dev",
              "Name": "Terraform_test_example_1-private-us-east-2a",
              "Terraform": "true"
            },
            "timeouts": null,
            "vpc_id": "vpc-0fb04deac71cdc919"
          },
          "sensitive_attributes": [],
          "private": "eyJlMmJmYjczMC1lY2FhLTExZTYtOGY4OC0zNDM2M2JjN2M0YzAiOnsiY3JlYXRlIjoxMjAwMDAwMDAwMDAsImRlbGV0ZSI6MzAwMDAwMDAwMDAwLCJ1cGRhdGUiOjEyMDAwMDAwMDAwMH19",
          "dependencies": [
            "module.vpc.aws_vpc.this",
            "module.vpc.aws_vpc_ipv4_cidr_block_association.this"
          ]
        },
        {
          "index_key": 1,
          "schema_version": 0,
          "attributes": {
            "arn": "arn:aws:ec2:us-east-2:319332326148:route-table/rtb-0eafaf2ef7b7896db",
            "id": "rtb-0eafaf2ef7b7896db",
            "owner_id": "319332326148",
            "propagating_vgws": [],
            "route": [],
            "tags": {
              "Environment": "dev",
              "Name": "Terraform_test_example_1-private-us-east-2b",
              "Terraform": "true"
            },
            "tags_all": {
              "Environment": "dev",
              "Name": "Terraform_test_example_1-private-us-east-2b",
              "Terraform": "true"
            },
            "timeouts": null,
            "vpc_id": "vpc-0fb04deac71cdc919"
          },
          "sensitive_attributes": [],
          "private": "eyJlMmJmYjczMC1lY2FhLTExZTYtOGY4OC0zNDM2M2JjN2M0YzAiOnsiY3JlYXRlIjoxMjAwMDAwMDAwMDAsImRlbGV0ZSI6MzAwMDAwMDAwMDAwLCJ1cGRhdGUiOjEyMDAwMDAwMDAwMH19",
          "dependencies": [
            "module.vpc.aws_vpc.this",
            "module.vpc.aws_vpc_ipv4_cidr_block_association.this"
          ]
        }
      ]
    },
    {
      "module": "module.vpc",
      "mode": "managed",
      "type": "aws_route_table",
      "name": "public",
      "provider": "provider[\"registry.terraform.io/hashicorp/aws\"]",
      "instances": [
        {
          "index_key": 0,
          "schema_version": 0,
          "attributes": {
            "arn": "arn:aws:ec2:us-east-2:319332326148:route-table/rtb-059f13b1144e499c1",
            "id": "rtb-059f13b1144e499c1",
            "owner_id": "319332326148",
            "propagating_vgws": [],
            "route": [],
            "tags": {
              "Environment": "dev",
              "Name": "Terraform_test_example_1-public",
              "Terraform": "true"
            },
            "tags_all": {
              "Environment": "dev",
              "Name": "Terraform_test_example_1-public",
              "Terraform": "true"
            },
            "timeouts": null,
            "vpc_id": "vpc-0fb04deac71cdc919"
          },
          "sensitive_attributes": [],
          "private": "eyJlMmJmYjczMC1lY2FhLTExZTYtOGY4OC0zNDM2M2JjN2M0YzAiOnsiY3JlYXRlIjoxMjAwMDAwMDAwMDAsImRlbGV0ZSI6MzAwMDAwMDAwMDAwLCJ1cGRhdGUiOjEyMDAwMDAwMDAwMH19",
          "dependencies": [
            "module.vpc.aws_vpc.this",
            "module.vpc.aws_vpc_ipv4_cidr_block_association.this"
          ]
        }
      ]
    },
    {
      "module": "module.vpc",
      "mode": "managed",
      "type": "aws_route_table_association",
      "name": "private",
      "provider": "provider[\"registry.terraform.io/hashicorp/aws\"]",
      "instances": [
        {
          "index_key": 0,
          "schema_version": 0,
          "attributes": {
            "gateway_id": "",
            "id": "rtbassoc-0776d8c076f564003",
            "route_table_id": "rtb-08c8138270fbbbb6d",
            "subnet_id": "subnet-0e1eb2249f862ff8a"
          },
          "sensitive_attributes": [],
          "private": "bnVsbA==",
          "dependencies": [
            "module.vpc.aws_route_table.private",
            "module.vpc.aws_subnet.private",
            "module.vpc.aws_vpc.this",
            "module.vpc.aws_vpc_ipv4_cidr_block_association.this"
          ]
        },
        {
          "index_key": 1,
          "schema_version": 0,
          "attributes": {
            "gateway_id": "",
            "id": "rtbassoc-09758404c574f2dc5",
            "route_table_id": "rtb-0eafaf2ef7b7896db",
            "subnet_id": "subnet-0b7e808b776459406"
          },
          "sensitive_attributes": [],
          "private": "bnVsbA==",
          "dependencies": [
            "module.vpc.aws_route_table.private",
            "module.vpc.aws_subnet.private",
            "module.vpc.aws_vpc.this",
            "module.vpc.aws_vpc_ipv4_cidr_block_association.this"
          ]
        }
      ]
    },
    {
      "module": "module.vpc",
      "mode": "managed",
      "type": "aws_route_table_association",
      "name": "public",
      "provider": "provider[\"registry.terraform.io/hashicorp/aws\"]",
      "instances": [
        {
          "index_key": 0,
          "schema_version": 0,
          "attributes": {
            "gateway_id": "",
            "id": "rtbassoc-069278452a76a98e0",
            "route_table_id": "rtb-059f13b1144e499c1",
            "subnet_id": "subnet-0e2a06763b1c00ccc"
          },
          "sensitive_attributes": [],
          "private": "bnVsbA==",
          "dependencies": [
            "module.vpc.aws_route_table.public",
            "module.vpc.aws_subnet.public",
            "module.vpc.aws_vpc.this",
            "module.vpc.aws_vpc_ipv4_cidr_block_association.this"
          ]
        },
        {
          "index_key": 1,
          "schema_version": 0,
          "attributes": {
            "gateway_id": "",
            "id": "rtbassoc-0a651695b10f370fd",
            "route_table_id": "rtb-059f13b1144e499c1",
            "subnet_id": "subnet-0bc6eafa21a540b1d"
          },
          "sensitive_attributes": [],
          "private": "bnVsbA==",
          "dependencies": [
            "module.vpc.aws_route_table.public",
            "module.vpc.aws_subnet.public",
            "module.vpc.aws_vpc.this",
            "module.vpc.aws_vpc_ipv4_cidr_block_association.this"
          ]
        }
      ]
    },
    {
      "module": "module.vpc",
      "mode": "managed",
      "type": "aws_subnet",
      "name": "private",
      "provider": "provider[\"registry.terraform.io/hashicorp/aws\"]",
      "instances": [
        {
          "index_key": 0,
          "schema_version": 1,
          "attributes": {
            "arn": "arn:aws:ec2:us-east-2:319332326148:subnet/subnet-0e1eb2249f862ff8a",
            "assign_ipv6_address_on_creation": false,
            "availability_zone": "us-east-2a",
            "availability_zone_id": "use2-az1",
            "cidr_block": "10.0.1.0/24",
            "customer_owned_ipv4_pool": "",
            "id": "subnet-0e1eb2249f862ff8a",
            "ipv6_cidr_block": "",
            "ipv6_cidr_block_association_id": "",
            "map_customer_owned_ip_on_launch": false,
            "map_public_ip_on_launch": false,
            "outpost_arn": "",
            "owner_id": "319332326148",
            "tags": {
              "Environment": "dev",
              "Name": "Terraform_test_example_1-private-us-east-2a",
              "Terraform": "true"
            },
            "tags_all": {
              "Environment": "dev",
              "Name": "Terraform_test_example_1-private-us-east-2a",
              "Terraform": "true"
            },
            "timeouts": null,
            "vpc_id": "vpc-0fb04deac71cdc919"
          },
          "sensitive_attributes": [],
          "private": "eyJlMmJmYjczMC1lY2FhLTExZTYtOGY4OC0zNDM2M2JjN2M0YzAiOnsiY3JlYXRlIjo2MDAwMDAwMDAwMDAsImRlbGV0ZSI6MTIwMDAwMDAwMDAwMH0sInNjaGVtYV92ZXJzaW9uIjoiMSJ9",
          "dependencies": [
            "module.vpc.aws_vpc.this",
            "module.vpc.aws_vpc_ipv4_cidr_block_association.this"
          ]
        },
        {
          "index_key": 1,
          "schema_version": 1,
          "attributes": {
            "arn": "arn:aws:ec2:us-east-2:319332326148:subnet/subnet-0b7e808b776459406",
            "assign_ipv6_address_on_creation": false,
            "availability_zone": "us-east-2b",
            "availability_zone_id": "use2-az2",
            "cidr_block": "10.0.2.0/24",
            "customer_owned_ipv4_pool": "",
            "id": "subnet-0b7e808b776459406",
            "ipv6_cidr_block": "",
            "ipv6_cidr_block_association_id": "",
            "map_customer_owned_ip_on_launch": false,
            "map_public_ip_on_launch": false,
            "outpost_arn": "",
            "owner_id": "319332326148",
            "tags": {
              "Environment": "dev",
              "Name": "Terraform_test_example_1-private-us-east-2b",
              "Terraform": "true"
            },
            "tags_all": {
              "Environment": "dev",
              "Name": "Terraform_test_example_1-private-us-east-2b",
              "Terraform": "true"
            },
            "timeouts": null,
            "vpc_id": "vpc-0fb04deac71cdc919"
          },
          "sensitive_attributes": [],
          "private": "eyJlMmJmYjczMC1lY2FhLTExZTYtOGY4OC0zNDM2M2JjN2M0YzAiOnsiY3JlYXRlIjo2MDAwMDAwMDAwMDAsImRlbGV0ZSI6MTIwMDAwMDAwMDAwMH0sInNjaGVtYV92ZXJzaW9uIjoiMSJ9",
          "dependencies": [
            "module.vpc.aws_vpc.this",
            "module.vpc.aws_vpc_ipv4_cidr_block_association.this"
          ]
        }
      ]
    },
    {
      "module": "module.vpc",
      "mode": "managed",
      "type": "aws_subnet",
      "name": "public",
      "provider": "provider[\"registry.terraform.io/hashicorp/aws\"]",
      "instances": [
        {
          "index_key": 0,
          "schema_version": 1,
          "attributes": {
            "arn": "arn:aws:ec2:us-east-2:319332326148:subnet/subnet-0e2a06763b1c00ccc",
            "assign_ipv6_address_on_creation": false,
            "availability_zone": "us-east-2a",
            "availability_zone_id": "use2-az1",
            "cidr_block": "10.0.101.0/24",
            "customer_owned_ipv4_pool": "",
            "id": "subnet-0e2a06763b1c00ccc",
            "ipv6_cidr_block": "",
            "ipv6_cidr_block_association_id": "",
            "map_customer_owned_ip_on_launch": false,
            "map_public_ip_on_launch": true,
            "outpost_arn": "",
            "owner_id": "319332326148",
            "tags": {
              "Environment": "dev",
              "Name": "Terraform_test_example_1-public-us-east-2a",
              "Terraform": "true"
            },
            "tags_all": {
              "Environment": "dev",
              "Name": "Terraform_test_example_1-public-us-east-2a",
              "Terraform": "true"
            },
            "timeouts": null,
            "vpc_id": "vpc-0fb04deac71cdc919"
          },
          "sensitive_attributes": [],
          "private": "eyJlMmJmYjczMC1lY2FhLTExZTYtOGY4OC0zNDM2M2JjN2M0YzAiOnsiY3JlYXRlIjo2MDAwMDAwMDAwMDAsImRlbGV0ZSI6MTIwMDAwMDAwMDAwMH0sInNjaGVtYV92ZXJzaW9uIjoiMSJ9",
          "dependencies": [
            "module.vpc.aws_vpc.this",
            "module.vpc.aws_vpc_ipv4_cidr_block_association.this"
          ]
        },
        {
          "index_key": 1,
          "schema_version": 1,
          "attributes": {
            "arn": "arn:aws:ec2:us-east-2:319332326148:subnet/subnet-0bc6eafa21a540b1d",
            "assign_ipv6_address_on_creation": false,
            "availability_zone": "us-east-2b",
            "availability_zone_id": "use2-az2",
            "cidr_block": "10.0.102.0/24",
            "customer_owned_ipv4_pool": "",
            "id": "subnet-0bc6eafa21a540b1d",
            "ipv6_cidr_block": "",
            "ipv6_cidr_block_association_id": "",
            "map_customer_owned_ip_on_launch": false,
            "map_public_ip_on_launch": true,
            "outpost_arn": "",
            "owner_id": "319332326148",
            "tags": {
              "Environment": "dev",
              "Name": "Terraform_test_example_1-public-us-east-2b",
              "Terraform": "true"
            },
            "tags_all": {
              "Environment": "dev",
              "Name": "Terraform_test_example_1-public-us-east-2b",
              "Terraform": "true"
            },
            "timeouts": null,
            "vpc_id": "vpc-0fb04deac71cdc919"
          },
          "sensitive_attributes": [],
          "private": "eyJlMmJmYjczMC1lY2FhLTExZTYtOGY4OC0zNDM2M2JjN2M0YzAiOnsiY3JlYXRlIjo2MDAwMDAwMDAwMDAsImRlbGV0ZSI6MTIwMDAwMDAwMDAwMH0sInNjaGVtYV92ZXJzaW9uIjoiMSJ9",
          "dependencies": [
            "module.vpc.aws_vpc.this",
            "module.vpc.aws_vpc_ipv4_cidr_block_association.this"
          ]
        }
      ]
    },
    {
      "module": "module.vpc",
      "mode": "managed",
      "type": "aws_vpc",
      "name": "this",
      "provider": "provider[\"registry.terraform.io/hashicorp/aws\"]",
      "instances": [
        {
          "index_key": 0,
          "schema_version": 1,
          "attributes": {
            "arn": "arn:aws:ec2:us-east-2:319332326148:vpc/vpc-0fb04deac71cdc919",
            "assign_generated_ipv6_cidr_block": false,
            "cidr_block": "10.0.0.0/16",
            "default_network_acl_id": "acl-06204a6fca4021435",
            "default_route_table_id": "rtb-01d18d550a0bf8df0",
            "default_security_group_id": "sg-0dad818897e52766b",
            "dhcp_options_id": "dopt-0afd3ed1c3c1fdd55",
            "enable_classiclink": null,
            "enable_classiclink_dns_support": null,
            "enable_dns_hostnames": true,
            "enable_dns_support": true,
            "id": "vpc-0fb04deac71cdc919",
            "instance_tenancy": "default",
            "ipv4_ipam_pool_id": null,
            "ipv4_netmask_length": null,
            "ipv6_association_id": "",
            "ipv6_cidr_block": "",
            "ipv6_ipam_pool_id": null,
            "ipv6_netmask_length": null,
            "main_route_table_id": "rtb-01d18d550a0bf8df0",
            "owner_id": "319332326148",
            "tags": {
              "Environment": "dev",
              "Name": "Terraform_test_example_1",
              "Terraform": "true"
            },
            "tags_all": {
              "Environment": "dev",
              "Name": "Terraform_test_example_1",
              "Terraform": "true"
            }
          },
          "sensitive_attributes": [],
          "private": "eyJzY2hlbWFfdmVyc2lvbiI6IjEifQ==",
          "create_before_destroy": true
        }
      ]
    }
  ]
}
