{
  "version": 4,
  "terraform_version": "1.0.8",
  "serial": 1225,
  "lineage": "bd7164cb-34de-8ace-63b0-40ec5961c60b",
  "outputs": {
    "elb_link": {
      "value": "elb-example-991945923.us-east-2.elb.amazonaws.com",
      "type": "string"
    }
  },
  "resources": [
    {
      "mode": "data",
      "type": "template_file",
      "name": "init",
      "provider": "provider[\"registry.terraform.io/hashicorp/template\"]",
      "instances": [
        {
          "schema_version": 0,
          "attributes": {
            "filename": null,
            "id": "6b905afef880a3d90f992af42e6bb8cf001920e3582e8af8e6f48640cbb08a1b",
            "rendered": "#!/bin/bash\n#* wait until efs mount is finished\n#sleep 2m\n#* update the instnce\nsudo apt-get update\nsudo apt install git \n#* install the efs client \nsudo apt-get -y install git binutils\nsudo git clone https://github.com/aws/efs-utils\ncd efs-utils\nsudo ./build-deb.sh\nsudo apt-get -y install ./build/amazon-efs-utils*deb\n#* make the target mount\nsudo mkdir /efs\n#* mount the efs\nsudo mount -t efs -o tls fs-032bd1a639b4fb9da:/ /efs\n#* insure if the instance got rebooted, the instance will remount  efs \necho 'fs-032bd1a639b4fb9da fsmt-01dcaa2ff1900c4a3 /efs _netdev,tls,accesspoint=fsap-0cff8b7a3ab55ade4 0 0' \u003e\u003e /etc/fstab\n#* install docker\nsudo apt install docker.io -y\n#* let it be run without sudo\nsudo usermod -a -G docker ubuntu\n#* start docker engine\nsudo service docker start\nsudo update-rc.d docker\n#* install docker-compose\nsudo curl -L https://github.com/docker/compose/releases/download/1.26.0/docker-compose-`uname -s`-`uname -m` | sudo tee /usr/local/bin/docker-compose \u003e /dev/null\n#* make it executable\nsudo chmod +x /usr/local/bin/docker-compose\n#* link docker-compose with bin folder so it can be called globally\nsudo ln -s /usr/local/bin/docker-compose /usr/bin/docker-compose\n#* give it permission to work without sudo\nsudo usermod -a -G docker-compose ubuntu\n#* make folders that docker-compose.yaml needs for volumes\nsudo mkdir /efs/db /efs/wordpress\n#* run docker-compose.yaml\ncd /home/ubuntu/\nsudo git clone https://github.com/yassermoreno2013/aws_terra_worpress.git\nsudo docker-compose -f /home/ubuntu/aws_terra_worpress/docker-compose.yml up --build -d",
            "template": "#!/bin/bash\n#* wait until efs mount is finished\n#sleep 2m\n#* update the instnce\nsudo apt-get update\nsudo apt install git \n#* install the efs client \nsudo apt-get -y install git binutils\nsudo git clone https://github.com/aws/efs-utils\ncd efs-utils\nsudo ./build-deb.sh\nsudo apt-get -y install ./build/amazon-efs-utils*deb\n#* make the target mount\nsudo mkdir /efs\n#* mount the efs\nsudo mount -t efs -o tls ${efs_id}:/ /efs\n#* insure if the instance got rebooted, the instance will remount  efs \necho '${efs_id} ${efs_mount_id} /efs _netdev,tls,accesspoint=${efs_access_point_id} 0 0' \u003e\u003e /etc/fstab\n#* install docker\nsudo apt install docker.io -y\n#* let it be run without sudo\nsudo usermod -a -G docker ubuntu\n#* start docker engine\nsudo service docker start\nsudo update-rc.d docker\n#* install docker-compose\nsudo curl -L https://github.com/docker/compose/releases/download/1.26.0/docker-compose-`uname -s`-`uname -m` | sudo tee /usr/local/bin/docker-compose \u003e /dev/null\n#* make it executable\nsudo chmod +x /usr/local/bin/docker-compose\n#* link docker-compose with bin folder so it can be called globally\nsudo ln -s /usr/local/bin/docker-compose /usr/bin/docker-compose\n#* give it permission to work without sudo\nsudo usermod -a -G docker-compose ubuntu\n#* make folders that docker-compose.yaml needs for volumes\nsudo mkdir /efs/db /efs/wordpress\n#* run docker-compose.yaml\ncd /home/ubuntu/\nsudo git clone https://github.com/yassermoreno2013/aws_terra_worpress.git\nsudo docker-compose -f /home/ubuntu/aws_terra_worpress/docker-compose.yml up --build -d",
            "vars": {
              "efs_access_point_id": "fsap-0cff8b7a3ab55ade4",
              "efs_id": "fs-032bd1a639b4fb9da",
              "efs_mount_id": "fsmt-01dcaa2ff1900c4a3"
            }
          },
          "sensitive_attributes": []
        }
      ]
    },
    {
      "mode": "managed",
      "type": "aws_autoscaling_attachment",
      "name": "asg_attachment_bar",
      "provider": "provider[\"registry.terraform.io/hashicorp/aws\"]",
      "instances": [
        {
          "schema_version": 0,
          "attributes": {
            "alb_target_group_arn": null,
            "autoscaling_group_name": "Terraform_test_auto_scaling_lc-20211214120953059200000004",
            "elb": "elb-example",
            "id": "Terraform_test_auto_scaling_lc-20211214120953059200000004-20211214120956372400000005"
          },
          "sensitive_attributes": [],
          "private": "bnVsbA==",
          "dependencies": [
            "aws_efs_access_point.efs_access_point",
            "aws_efs_file_system.efs",
            "aws_efs_mount_target.efs_mount",
            "aws_key_pair.ec2key",
            "data.template_file.init",
            "module.auto_scaling.aws_autoscaling_group.this",
            "module.auto_scaling.aws_autoscaling_group.this_with_initial_lifecycle_hook",
            "module.auto_scaling.aws_launch_configuration.this",
            "module.auto_scaling.null_resource.tags_as_list_of_maps",
            "module.auto_scaling.random_pet.asg_name",
            "module.efs_sg.aws_security_group.this",
            "module.efs_sg.aws_security_group.this_name_prefix",
            "module.elb_http.module.elb.aws_elb.this",
            "module.instance_sg.aws_security_group.this",
            "module.instance_sg.aws_security_group.this_name_prefix",
            "module.vpc.aws_subnet.public",
            "module.vpc.aws_vpc.this",
            "module.vpc.aws_vpc_ipv4_cidr_block_association.this"
          ]
        }
      ]
    },
    {
      "mode": "managed",
      "type": "aws_efs_access_point",
      "name": "efs_access_point",
      "provider": "provider[\"registry.terraform.io/hashicorp/aws\"]",
      "instances": [
        {
          "schema_version": 0,
          "attributes": {
            "arn": "arn:aws:elasticfilesystem:us-east-2:319332326148:access-point/fsap-0cff8b7a3ab55ade4",
            "file_system_arn": "arn:aws:elasticfilesystem:us-east-2:319332326148:file-system/fs-032bd1a639b4fb9da",
            "file_system_id": "fs-032bd1a639b4fb9da",
            "id": "fsap-0cff8b7a3ab55ade4",
            "owner_id": "319332326148",
            "posix_user": [],
            "root_directory": [
              {
                "creation_info": [],
                "path": "/"
              }
            ],
            "tags": null,
            "tags_all": {}
          },
          "sensitive_attributes": [],
          "private": "bnVsbA==",
          "dependencies": [
            "aws_efs_file_system.efs",
            "aws_efs_mount_target.efs_mount",
            "module.efs_sg.aws_security_group.this",
            "module.efs_sg.aws_security_group.this_name_prefix",
            "module.vpc.aws_subnet.public",
            "module.vpc.aws_vpc.this",
            "module.vpc.aws_vpc_ipv4_cidr_block_association.this"
          ],
          "create_before_destroy": true
        }
      ]
    },
    {
      "mode": "managed",
      "type": "aws_efs_file_system",
      "name": "efs",
      "provider": "provider[\"registry.terraform.io/hashicorp/aws\"]",
      "instances": [
        {
          "schema_version": 0,
          "attributes": {
            "arn": "arn:aws:elasticfilesystem:us-east-2:319332326148:file-system/fs-032bd1a639b4fb9da",
            "availability_zone_id": "",
            "availability_zone_name": "",
            "creation_token": "Terraform_test_efs",
            "dns_name": "fs-032bd1a639b4fb9da.efs.us-east-2.amazonaws.com",
            "encrypted": true,
            "id": "fs-032bd1a639b4fb9da",
            "kms_key_id": "arn:aws:kms:us-east-2:319332326148:key/6a07195b-0a37-4735-9dd6-ebd15e6b9ea6",
            "lifecycle_policy": [],
            "number_of_mount_targets": 0,
            "owner_id": "319332326148",
            "performance_mode": "generalPurpose",
            "provisioned_throughput_in_mibps": 0,
            "size_in_bytes": [
              {
                "value": 6144,
                "value_in_ia": 0,
                "value_in_standard": 6144
              }
            ],
            "tags": {
              "Name": "Terraform_test_efs"
            },
            "tags_all": {
              "Name": "Terraform_test_efs"
            },
            "throughput_mode": "bursting"
          },
          "sensitive_attributes": [],
          "private": "bnVsbA==",
          "create_before_destroy": true
        }
      ]
    },
    {
      "mode": "managed",
      "type": "aws_efs_mount_target",
      "name": "efs_mount",
      "provider": "provider[\"registry.terraform.io/hashicorp/aws\"]",
      "instances": [
        {
          "schema_version": 0,
          "attributes": {
            "availability_zone_id": "use2-az1",
            "availability_zone_name": "us-east-2a",
            "dns_name": "fs-032bd1a639b4fb9da.efs.us-east-2.amazonaws.com",
            "file_system_arn": "arn:aws:elasticfilesystem:us-east-2:319332326148:file-system/fs-032bd1a639b4fb9da",
            "file_system_id": "fs-032bd1a639b4fb9da",
            "id": "fsmt-01dcaa2ff1900c4a3",
            "ip_address": "10.0.101.31",
            "mount_target_dns_name": "us-east-2a.fs-032bd1a639b4fb9da.efs.us-east-2.amazonaws.com",
            "network_interface_id": "eni-0094409fee02bc444",
            "owner_id": "319332326148",
            "security_groups": [
              "sg-0ae529bac990d010e"
            ],
            "subnet_id": "subnet-09c779c4a6c652e2f"
          },
          "sensitive_attributes": [],
          "private": "bnVsbA==",
          "dependencies": [
            "aws_efs_file_system.efs",
            "module.efs_sg.aws_security_group.this",
            "module.efs_sg.aws_security_group.this_name_prefix",
            "module.vpc.aws_subnet.public",
            "module.vpc.aws_vpc.this",
            "module.vpc.aws_vpc_ipv4_cidr_block_association.this"
          ],
          "create_before_destroy": true
        }
      ]
    },
    {
      "mode": "managed",
      "type": "aws_key_pair",
      "name": "ec2key",
      "provider": "provider[\"registry.terraform.io/hashicorp/aws\"]",
      "instances": [
        {
          "schema_version": 1,
          "attributes": {
            "arn": "arn:aws:ec2:us-east-2:319332326148:key-pair/id_rsa.pub",
            "fingerprint": "72:8c:34:cd:39:62:19:9d:7f:87:fc:05:08:e2:f5:b9",
            "id": "id_rsa.pub",
            "key_name": "id_rsa.pub",
            "key_name_prefix": "",
            "key_pair_id": "key-0593be8158c08a7b5",
            "public_key": "ssh-rsa AAAAB3NzaC1yc2EAAAADAQABAAACAQDAUVfqYG1WPuzMVnA9TS149aWRJa2C6ur7UsUWI3tsPhlOwzkEpQ7TKGaLvFtqeM5R1DMXC+slnxVxVHZC5czHjFF86P3eo7f1yp3MOD0YEv0NWAIaZYSnLnm3EBiQ+9AV+tnj4Bmk0VjGlVtSjRR9uhfdI+omHqpOdz9c8o14d60q8KFy75eP2P/3eM5PUJE0qSPLRr++kM6zdWcjQjbS3eHXbLNti/a5o95lGwSYhVFXyAQc+K8rRrAdSmRGs/V9tIUiracbyaGZqmKJE4MNSkGBCpajtdj3ICKPZIlo3SNQxQqQlKOXUfamef0Z8iCmEeAGWgiFHS74s5+44Q65xWCpI0HtZYcsiSH/bM2POSzRKd/FOJ0cXqQPcfdKoqwJ85St6B9ts+fycB5rJDVsmA87t8FhbWVv5t+/jbuvLG4H/DixW8lOx2BKajWIuZQTmWYYR6IEhvbfUDtididgOVIJ7jiscjWqmi8kBHri0GeqcbNCfHAs6hX4gfnf7L96VfggfFJmL38o9TiRxB22DZpbJiBnoKkMt3POz1MHWK5mTe2yv87o+A0P3hx90vBZfuTt71M4HmoMsxp0EsuIBsUR5c6LD9bhkQqgL3g5DFIhki9wA84w7uoaHLJoCkGIZPatkODlwiT9/ooa+VotFhKEb1s3Z5lJ/JUQYZ8tRw== your_email@example.com",
            "tags": null,
            "tags_all": {}
          },
          "sensitive_attributes": [],
          "private": "eyJzY2hlbWFfdmVyc2lvbiI6IjEifQ==",
          "create_before_destroy": true
        }
      ]
    },
    {
      "module": "module.auto_scaling",
      "mode": "managed",
      "type": "aws_autoscaling_group",
      "name": "this",
      "provider": "provider[\"registry.terraform.io/hashicorp/aws\"]",
      "instances": [
        {
          "index_key": 0,
          "schema_version": 0,
          "attributes": {
            "arn": "arn:aws:autoscaling:us-east-2:319332326148:autoScalingGroup:74da9bd9-408b-4a0f-aa64-479a9fa357f6:autoScalingGroupName/Terraform_test_auto_scaling_lc-20211214120953059200000004",
            "availability_zones": [
              "us-east-2a"
            ],
            "capacity_rebalance": false,
            "default_cooldown": 300,
            "desired_capacity": 1,
            "enabled_metrics": [
              "GroupDesiredCapacity",
              "GroupInServiceInstances",
              "GroupMaxSize",
              "GroupMinSize",
              "GroupPendingInstances",
              "GroupStandbyInstances",
              "GroupTerminatingInstances",
              "GroupTotalInstances"
            ],
            "force_delete": false,
            "force_delete_warm_pool": false,
            "health_check_grace_period": 300,
            "health_check_type": "EC2",
            "id": "Terraform_test_auto_scaling_lc-20211214120953059200000004",
            "initial_lifecycle_hook": [],
            "instance_refresh": [],
            "launch_configuration": "Terraform_test_auto_scaling_lc-20211214120950103900000003",
            "launch_template": [],
            "load_balancers": null,
            "max_instance_lifetime": 0,
            "max_size": 1,
            "metrics_granularity": "1Minute",
            "min_elb_capacity": 0,
            "min_size": 1,
            "mixed_instances_policy": [],
            "name": "Terraform_test_auto_scaling_lc-20211214120953059200000004",
            "name_prefix": "Terraform_test_auto_scaling_lc-",
            "placement_group": "",
            "protect_from_scale_in": false,
            "service_linked_role_arn": "arn:aws:iam::319332326148:role/aws-service-role/autoscaling.amazonaws.com/AWSServiceRoleForAutoScaling",
            "suspended_processes": null,
            "tag": [
              {
                "key": "Environment",
                "propagate_at_launch": true,
                "value": "Dev"
              },
              {
                "key": "Name",
                "propagate_at_launch": true,
                "value": "Terraform_test_auto_scaling"
              }
            ],
            "tags": null,
            "target_group_arns": null,
            "termination_policies": [
              "Default"
            ],
            "timeouts": null,
            "vpc_zone_identifier": [
              "subnet-09c779c4a6c652e2f"
            ],
            "wait_for_capacity_timeout": "0",
            "wait_for_elb_capacity": null,
            "warm_pool": []
          },
          "sensitive_attributes": [],
          "private": "eyJlMmJmYjczMC1lY2FhLTExZTYtOGY4OC0zNDM2M2JjN2M0YzAiOnsiZGVsZXRlIjo2MDAwMDAwMDAwMDB9fQ==",
          "dependencies": [
            "aws_efs_access_point.efs_access_point",
            "aws_efs_file_system.efs",
            "aws_efs_mount_target.efs_mount",
            "aws_key_pair.ec2key",
            "data.template_file.init",
            "module.auto_scaling.aws_launch_configuration.this",
            "module.auto_scaling.null_resource.tags_as_list_of_maps",
            "module.auto_scaling.random_pet.asg_name",
            "module.efs_sg.aws_security_group.this",
            "module.efs_sg.aws_security_group.this_name_prefix",
            "module.instance_sg.aws_security_group.this",
            "module.instance_sg.aws_security_group.this_name_prefix",
            "module.vpc.aws_subnet.public",
            "module.vpc.aws_vpc.this",
            "module.vpc.aws_vpc_ipv4_cidr_block_association.this"
          ],
          "create_before_destroy": true
        }
      ]
    },
    {
      "module": "module.auto_scaling",
      "mode": "managed",
      "type": "aws_launch_configuration",
      "name": "this",
      "provider": "provider[\"registry.terraform.io/hashicorp/aws\"]",
      "instances": [
        {
          "index_key": 0,
          "schema_version": 0,
          "attributes": {
            "arn": "arn:aws:autoscaling:us-east-2:319332326148:launchConfiguration:42b2f7ab-45ab-45b2-aaa6-5affb7ba8941:launchConfigurationName/Terraform_test_auto_scaling_lc-20211214120950103900000003",
            "associate_public_ip_address": false,
            "ebs_block_device": [
              {
                "delete_on_termination": true,
                "device_name": "/dev/xvdz",
                "encrypted": false,
                "iops": 0,
                "no_device": false,
                "snapshot_id": "",
                "throughput": 0,
                "volume_size": 8,
                "volume_type": "gp2"
              }
            ],
            "ebs_optimized": false,
            "enable_monitoring": true,
            "ephemeral_block_device": [],
            "iam_instance_profile": "",
            "id": "Terraform_test_auto_scaling_lc-20211214120950103900000003",
            "image_id": "ami-0629230e074c580f2",
            "instance_type": "t2.micro",
            "key_name": "id_rsa.pub",
            "metadata_options": [],
            "name": "Terraform_test_auto_scaling_lc-20211214120950103900000003",
            "name_prefix": "Terraform_test_auto_scaling_lc-",
            "placement_tenancy": "default",
            "root_block_device": [],
            "security_groups": [
              "sg-02d7932dc40e2af10"
            ],
            "spot_price": "",
            "user_data": "a0473752631deffa860f071a4aeff57028ebd022",
            "user_data_base64": null,
            "vpc_classic_link_id": "",
            "vpc_classic_link_security_groups": null
          },
          "sensitive_attributes": [],
          "private": "bnVsbA==",
          "dependencies": [
            "aws_efs_access_point.efs_access_point",
            "aws_efs_file_system.efs",
            "aws_efs_mount_target.efs_mount",
            "aws_key_pair.ec2key",
            "data.template_file.init",
            "module.efs_sg.aws_security_group.this",
            "module.efs_sg.aws_security_group.this_name_prefix",
            "module.instance_sg.aws_security_group.this",
            "module.instance_sg.aws_security_group.this_name_prefix",
            "module.vpc.aws_subnet.public",
            "module.vpc.aws_vpc.this",
            "module.vpc.aws_vpc_ipv4_cidr_block_association.this"
          ],
          "create_before_destroy": true
        }
      ]
    },
    {
      "module": "module.efs_sg",
      "mode": "managed",
      "type": "aws_security_group",
      "name": "this_name_prefix",
      "provider": "provider[\"registry.terraform.io/hashicorp/aws\"]",
      "instances": [
        {
          "index_key": 0,
          "schema_version": 1,
          "attributes": {
            "arn": "arn:aws:ec2:us-east-2:319332326148:security-group/sg-0ae529bac990d010e",
            "description": "Security group for user-service with custom ports open within VPC, and PostgreSQL publicly open",
            "egress": [],
            "id": "sg-0ae529bac990d010e",
            "ingress": [],
            "name": "user-service-sg-efs-20211214120802058300000001",
            "name_prefix": "user-service-sg-efs-",
            "owner_id": "319332326148",
            "revoke_rules_on_delete": false,
            "tags": {
              "Name": "user-service-sg-efs"
            },
            "tags_all": {
              "Name": "user-service-sg-efs"
            },
            "timeouts": {
              "create": "10m",
              "delete": "15m"
            },
            "vpc_id": "vpc-0cd2db432f280d3e3"
          },
          "sensitive_attributes": [],
          "private": "eyJlMmJmYjczMC1lY2FhLTExZTYtOGY4OC0zNDM2M2JjN2M0YzAiOnsiY3JlYXRlIjo2MDAwMDAwMDAwMDAsImRlbGV0ZSI6OTAwMDAwMDAwMDAwfSwic2NoZW1hX3ZlcnNpb24iOiIxIn0=",
          "dependencies": [
            "module.vpc.aws_vpc.this"
          ],
          "create_before_destroy": true
        }
      ]
    },
    {
      "module": "module.efs_sg",
      "mode": "managed",
      "type": "aws_security_group_rule",
      "name": "computed_ingress_with_source_security_group_id",
      "provider": "provider[\"registry.terraform.io/hashicorp/aws\"]",
      "instances": [
        {
          "index_key": 0,
          "schema_version": 2,
          "attributes": {
            "cidr_blocks": null,
            "description": "Ingress Rule",
            "from_port": 2049,
            "id": "sgrule-260425386",
            "ipv6_cidr_blocks": null,
            "prefix_list_ids": [],
            "protocol": "tcp",
            "security_group_id": "sg-0ae529bac990d010e",
            "self": false,
            "source_security_group_id": "sg-02d7932dc40e2af10",
            "to_port": 2049,
            "type": "ingress"
          },
          "sensitive_attributes": [],
          "private": "eyJzY2hlbWFfdmVyc2lvbiI6IjIifQ==",
          "dependencies": [
            "module.efs_sg.aws_security_group.this",
            "module.efs_sg.aws_security_group.this_name_prefix",
            "module.instance_sg.aws_security_group.this",
            "module.instance_sg.aws_security_group.this_name_prefix",
            "module.vpc.aws_vpc.this"
          ]
        }
      ]
    },
    {
      "module": "module.efs_sg",
      "mode": "managed",
      "type": "aws_security_group_rule",
      "name": "egress_with_cidr_blocks",
      "provider": "provider[\"registry.terraform.io/hashicorp/aws\"]",
      "instances": [
        {
          "index_key": 0,
          "schema_version": 2,
          "attributes": {
            "cidr_blocks": [
              "0.0.0.0/0"
            ],
            "description": "Egress Rule",
            "from_port": -1,
            "id": "sgrule-1230374158",
            "ipv6_cidr_blocks": null,
            "prefix_list_ids": [],
            "protocol": "-1",
            "security_group_id": "sg-0ae529bac990d010e",
            "self": false,
            "source_security_group_id": null,
            "to_port": -1,
            "type": "egress"
          },
          "sensitive_attributes": [],
          "private": "eyJzY2hlbWFfdmVyc2lvbiI6IjIifQ==",
          "dependencies": [
            "module.efs_sg.aws_security_group.this",
            "module.efs_sg.aws_security_group.this_name_prefix",
            "module.vpc.aws_vpc.this"
          ]
        }
      ]
    },
    {
      "module": "module.elb_http.module.elb",
      "mode": "managed",
      "type": "aws_elb",
      "name": "this",
      "provider": "provider[\"registry.terraform.io/hashicorp/aws\"]",
      "instances": [
        {
          "index_key": 0,
          "schema_version": 0,
          "attributes": {
            "access_logs": [],
            "arn": "arn:aws:elasticloadbalancing:us-east-2:319332326148:loadbalancer/elb-example",
            "availability_zones": [
              "us-east-2a",
              "us-east-2b"
            ],
            "connection_draining": false,
            "connection_draining_timeout": 300,
            "cross_zone_load_balancing": true,
            "desync_mitigation_mode": "defensive",
            "dns_name": "elb-example-991945923.us-east-2.elb.amazonaws.com",
            "health_check": [
              {
                "healthy_threshold": 2,
                "interval": 300,
                "target": "HTTP:80/",
                "timeout": 60,
                "unhealthy_threshold": 5
              }
            ],
            "id": "elb-example",
            "idle_timeout": 60,
            "instances": [],
            "internal": false,
            "listener": [
              {
                "instance_port": 80,
                "instance_protocol": "HTTP",
                "lb_port": 80,
                "lb_protocol": "HTTP",
                "ssl_certificate_id": ""
              }
            ],
            "name": "elb-example",
            "name_prefix": null,
            "security_groups": [
              "sg-02d7932dc40e2af10"
            ],
            "source_security_group": "319332326148/user-service-sg-20211214120802058300000002",
            "source_security_group_id": "sg-02d7932dc40e2af10",
            "subnets": [
              "subnet-00e5a4fa6ddbaecd0",
              "subnet-09c779c4a6c652e2f"
            ],
            "tags": {
              "Name": "elb-example"
            },
            "tags_all": {
              "Name": "elb-example"
            },
            "zone_id": "Z3AADJGX6KTTL2"
          },
          "sensitive_attributes": [],
          "private": "bnVsbA==",
          "dependencies": [
            "module.instance_sg.aws_security_group.this",
            "module.instance_sg.aws_security_group.this_name_prefix",
            "module.vpc.aws_subnet.public",
            "module.vpc.aws_vpc.this",
            "module.vpc.aws_vpc_ipv4_cidr_block_association.this"
          ]
        }
      ]
    },
    {
      "module": "module.instance_sg",
      "mode": "managed",
      "type": "aws_security_group",
      "name": "this_name_prefix",
      "provider": "provider[\"registry.terraform.io/hashicorp/aws\"]",
      "instances": [
        {
          "index_key": 0,
          "schema_version": 1,
          "attributes": {
            "arn": "arn:aws:ec2:us-east-2:319332326148:security-group/sg-02d7932dc40e2af10",
            "description": "Security group for user-service with custom ports open within VPC, and PostgreSQL publicly open",
            "egress": [],
            "id": "sg-02d7932dc40e2af10",
            "ingress": [],
            "name": "user-service-sg-20211214120802058300000002",
            "name_prefix": "user-service-sg-",
            "owner_id": "319332326148",
            "revoke_rules_on_delete": false,
            "tags": {
              "Name": "user-service-sg"
            },
            "tags_all": {
              "Name": "user-service-sg"
            },
            "timeouts": {
              "create": "10m",
              "delete": "15m"
            },
            "vpc_id": "vpc-0cd2db432f280d3e3"
          },
          "sensitive_attributes": [],
          "private": "eyJlMmJmYjczMC1lY2FhLTExZTYtOGY4OC0zNDM2M2JjN2M0YzAiOnsiY3JlYXRlIjo2MDAwMDAwMDAwMDAsImRlbGV0ZSI6OTAwMDAwMDAwMDAwfSwic2NoZW1hX3ZlcnNpb24iOiIxIn0=",
          "dependencies": [
            "module.vpc.aws_vpc.this"
          ],
          "create_before_destroy": true
        }
      ]
    },
    {
      "module": "module.instance_sg",
      "mode": "managed",
      "type": "aws_security_group_rule",
      "name": "egress_with_cidr_blocks",
      "provider": "provider[\"registry.terraform.io/hashicorp/aws\"]",
      "instances": [
        {
          "index_key": 0,
          "schema_version": 2,
          "attributes": {
            "cidr_blocks": [
              "0.0.0.0/0"
            ],
            "description": "Egress Rule",
            "from_port": -1,
            "id": "sgrule-2494152086",
            "ipv6_cidr_blocks": null,
            "prefix_list_ids": [],
            "protocol": "-1",
            "security_group_id": "sg-02d7932dc40e2af10",
            "self": false,
            "source_security_group_id": null,
            "to_port": -1,
            "type": "egress"
          },
          "sensitive_attributes": [],
          "private": "eyJzY2hlbWFfdmVyc2lvbiI6IjIifQ==",
          "dependencies": [
            "module.instance_sg.aws_security_group.this",
            "module.instance_sg.aws_security_group.this_name_prefix",
            "module.vpc.aws_vpc.this"
          ]
        }
      ]
    },
    {
      "module": "module.instance_sg",
      "mode": "managed",
      "type": "aws_security_group_rule",
      "name": "ingress_with_cidr_blocks",
      "provider": "provider[\"registry.terraform.io/hashicorp/aws\"]",
      "instances": [
        {
          "index_key": 0,
          "schema_version": 2,
          "attributes": {
            "cidr_blocks": [
              "0.0.0.0/0"
            ],
            "description": "Ingress Rule",
            "from_port": 80,
            "id": "sgrule-1226512091",
            "ipv6_cidr_blocks": null,
            "prefix_list_ids": [],
            "protocol": "tcp",
            "security_group_id": "sg-02d7932dc40e2af10",
            "self": false,
            "source_security_group_id": null,
            "to_port": 80,
            "type": "ingress"
          },
          "sensitive_attributes": [],
          "private": "eyJzY2hlbWFfdmVyc2lvbiI6IjIifQ==",
          "dependencies": [
            "module.instance_sg.aws_security_group.this",
            "module.instance_sg.aws_security_group.this_name_prefix",
            "module.vpc.aws_vpc.this"
          ]
        },
        {
          "index_key": 1,
          "schema_version": 2,
          "attributes": {
            "cidr_blocks": [
              "0.0.0.0/0"
            ],
            "description": "Ingress Rule",
            "from_port": 22,
            "id": "sgrule-4287712110",
            "ipv6_cidr_blocks": null,
            "prefix_list_ids": [],
            "protocol": "tcp",
            "security_group_id": "sg-02d7932dc40e2af10",
            "self": false,
            "source_security_group_id": null,
            "to_port": 22,
            "type": "ingress"
          },
          "sensitive_attributes": [],
          "private": "eyJzY2hlbWFfdmVyc2lvbiI6IjIifQ==",
          "dependencies": [
            "module.instance_sg.aws_security_group.this",
            "module.instance_sg.aws_security_group.this_name_prefix",
            "module.vpc.aws_vpc.this"
          ]
        },
        {
          "index_key": 2,
          "schema_version": 2,
          "attributes": {
            "cidr_blocks": [
              "0.0.0.0/0"
            ],
            "description": "Ingress Rule",
            "from_port": 8080,
            "id": "sgrule-2599796576",
            "ipv6_cidr_blocks": null,
            "prefix_list_ids": [],
            "protocol": "tcp",
            "security_group_id": "sg-02d7932dc40e2af10",
            "self": false,
            "source_security_group_id": null,
            "to_port": 8080,
            "type": "ingress"
          },
          "sensitive_attributes": [],
          "private": "eyJzY2hlbWFfdmVyc2lvbiI6IjIifQ==",
          "dependencies": [
            "module.instance_sg.aws_security_group.this",
            "module.instance_sg.aws_security_group.this_name_prefix",
            "module.vpc.aws_vpc.this"
          ]
        }
      ]
    },
    {
      "module": "module.vpc",
      "mode": "managed",
      "type": "aws_internet_gateway",
      "name": "this",
      "provider": "provider[\"registry.terraform.io/hashicorp/aws\"]",
      "instances": [
        {
          "index_key": 0,
          "schema_version": 0,
          "attributes": {
            "arn": "arn:aws:ec2:us-east-2:319332326148:internet-gateway/igw-00d8db85dcccbd977",
            "id": "igw-00d8db85dcccbd977",
            "owner_id": "319332326148",
            "tags": {
              "Environment": "dev",
              "Name": "Terraform_test_example_1",
              "Terraform": "true"
            },
            "tags_all": {
              "Environment": "dev",
              "Name": "Terraform_test_example_1",
              "Terraform": "true"
            },
            "vpc_id": "vpc-0cd2db432f280d3e3"
          },
          "sensitive_attributes": [],
          "private": "bnVsbA==",
          "dependencies": [
            "module.vpc.aws_vpc.this",
            "module.vpc.aws_vpc_ipv4_cidr_block_association.this"
          ]
        }
      ]
    },
    {
      "module": "module.vpc",
      "mode": "managed",
      "type": "aws_route",
      "name": "public_internet_gateway",
      "provider": "provider[\"registry.terraform.io/hashicorp/aws\"]",
      "instances": [
        {
          "index_key": 0,
          "schema_version": 0,
          "attributes": {
            "carrier_gateway_id": "",
            "destination_cidr_block": "0.0.0.0/0",
            "destination_ipv6_cidr_block": "",
            "destination_prefix_list_id": "",
            "egress_only_gateway_id": "",
            "gateway_id": "igw-00d8db85dcccbd977",
            "id": "r-rtb-0b474197ce945c45c1080289494",
            "instance_id": "",
            "instance_owner_id": "",
            "local_gateway_id": "",
            "nat_gateway_id": "",
            "network_interface_id": "",
            "origin": "CreateRoute",
            "route_table_id": "rtb-0b474197ce945c45c",
            "state": "active",
            "timeouts": {
              "create": "5m",
              "delete": null,
              "update": null
            },
            "transit_gateway_id": "",
            "vpc_endpoint_id": "",
            "vpc_peering_connection_id": ""
          },
          "sensitive_attributes": [],
          "private": "eyJlMmJmYjczMC1lY2FhLTExZTYtOGY4OC0zNDM2M2JjN2M0YzAiOnsiY3JlYXRlIjozMDAwMDAwMDAwMDAsImRlbGV0ZSI6MzAwMDAwMDAwMDAwLCJ1cGRhdGUiOjEyMDAwMDAwMDAwMH19",
          "dependencies": [
            "module.vpc.aws_internet_gateway.this",
            "module.vpc.aws_route_table.public",
            "module.vpc.aws_vpc.this",
            "module.vpc.aws_vpc_ipv4_cidr_block_association.this"
          ]
        }
      ]
    },
    {
      "module": "module.vpc",
      "mode": "managed",
      "type": "aws_route_table",
      "name": "private",
      "provider": "provider[\"registry.terraform.io/hashicorp/aws\"]",
      "instances": [
        {
          "index_key": 0,
          "schema_version": 0,
          "attributes": {
            "arn": "arn:aws:ec2:us-east-2:319332326148:route-table/rtb-0100fe9e0f9151012",
            "id": "rtb-0100fe9e0f9151012",
            "owner_id": "319332326148",
            "propagating_vgws": [],
            "route": [],
            "tags": {
              "Environment": "dev",
              "Name": "Terraform_test_example_1-private-us-east-2a",
              "Terraform": "true"
            },
            "tags_all": {
              "Environment": "dev",
              "Name": "Terraform_test_example_1-private-us-east-2a",
              "Terraform": "true"
            },
            "timeouts": null,
            "vpc_id": "vpc-0cd2db432f280d3e3"
          },
          "sensitive_attributes": [],
          "private": "eyJlMmJmYjczMC1lY2FhLTExZTYtOGY4OC0zNDM2M2JjN2M0YzAiOnsiY3JlYXRlIjoxMjAwMDAwMDAwMDAsImRlbGV0ZSI6MzAwMDAwMDAwMDAwLCJ1cGRhdGUiOjEyMDAwMDAwMDAwMH19",
          "dependencies": [
            "module.vpc.aws_vpc.this",
            "module.vpc.aws_vpc_ipv4_cidr_block_association.this"
          ]
        }
      ]
    },
    {
      "module": "module.vpc",
      "mode": "managed",
      "type": "aws_route_table",
      "name": "public",
      "provider": "provider[\"registry.terraform.io/hashicorp/aws\"]",
      "instances": [
        {
          "index_key": 0,
          "schema_version": 0,
          "attributes": {
            "arn": "arn:aws:ec2:us-east-2:319332326148:route-table/rtb-0b474197ce945c45c",
            "id": "rtb-0b474197ce945c45c",
            "owner_id": "319332326148",
            "propagating_vgws": [],
            "route": [],
            "tags": {
              "Environment": "dev",
              "Name": "Terraform_test_example_1-public",
              "Terraform": "true"
            },
            "tags_all": {
              "Environment": "dev",
              "Name": "Terraform_test_example_1-public",
              "Terraform": "true"
            },
            "timeouts": null,
            "vpc_id": "vpc-0cd2db432f280d3e3"
          },
          "sensitive_attributes": [],
          "private": "eyJlMmJmYjczMC1lY2FhLTExZTYtOGY4OC0zNDM2M2JjN2M0YzAiOnsiY3JlYXRlIjoxMjAwMDAwMDAwMDAsImRlbGV0ZSI6MzAwMDAwMDAwMDAwLCJ1cGRhdGUiOjEyMDAwMDAwMDAwMH19",
          "dependencies": [
            "module.vpc.aws_vpc.this",
            "module.vpc.aws_vpc_ipv4_cidr_block_association.this"
          ]
        }
      ]
    },
    {
      "module": "module.vpc",
      "mode": "managed",
      "type": "aws_route_table_association",
      "name": "private",
      "provider": "provider[\"registry.terraform.io/hashicorp/aws\"]",
      "instances": [
        {
          "index_key": 0,
          "schema_version": 0,
          "attributes": {
            "gateway_id": "",
            "id": "rtbassoc-0cfeef65c0c1991c3",
            "route_table_id": "rtb-0100fe9e0f9151012",
            "subnet_id": "subnet-0958d8c25cb254490"
          },
          "sensitive_attributes": [],
          "private": "bnVsbA==",
          "dependencies": [
            "module.vpc.aws_route_table.private",
            "module.vpc.aws_subnet.private",
            "module.vpc.aws_vpc.this",
            "module.vpc.aws_vpc_ipv4_cidr_block_association.this"
          ]
        }
      ]
    },
    {
      "module": "module.vpc",
      "mode": "managed",
      "type": "aws_route_table_association",
      "name": "public",
      "provider": "provider[\"registry.terraform.io/hashicorp/aws\"]",
      "instances": [
        {
          "index_key": 0,
          "schema_version": 0,
          "attributes": {
            "gateway_id": "",
            "id": "rtbassoc-043c0107eb42f7185",
            "route_table_id": "rtb-0b474197ce945c45c",
            "subnet_id": "subnet-09c779c4a6c652e2f"
          },
          "sensitive_attributes": [],
          "private": "bnVsbA==",
          "dependencies": [
            "module.vpc.aws_route_table.public",
            "module.vpc.aws_subnet.public",
            "module.vpc.aws_vpc.this",
            "module.vpc.aws_vpc_ipv4_cidr_block_association.this"
          ]
        },
        {
          "index_key": 1,
          "schema_version": 0,
          "attributes": {
            "gateway_id": "",
            "id": "rtbassoc-0466f7bed1a5ed56e",
            "route_table_id": "rtb-0b474197ce945c45c",
            "subnet_id": "subnet-00e5a4fa6ddbaecd0"
          },
          "sensitive_attributes": [],
          "private": "bnVsbA==",
          "dependencies": [
            "module.vpc.aws_route_table.public",
            "module.vpc.aws_subnet.public",
            "module.vpc.aws_vpc.this",
            "module.vpc.aws_vpc_ipv4_cidr_block_association.this"
          ]
        }
      ]
    },
    {
      "module": "module.vpc",
      "mode": "managed",
      "type": "aws_subnet",
      "name": "private",
      "provider": "provider[\"registry.terraform.io/hashicorp/aws\"]",
      "instances": [
        {
          "index_key": 0,
          "schema_version": 1,
          "attributes": {
            "arn": "arn:aws:ec2:us-east-2:319332326148:subnet/subnet-0958d8c25cb254490",
            "assign_ipv6_address_on_creation": false,
            "availability_zone": "us-east-2a",
            "availability_zone_id": "use2-az1",
            "cidr_block": "10.0.1.0/24",
            "customer_owned_ipv4_pool": "",
            "id": "subnet-0958d8c25cb254490",
            "ipv6_cidr_block": "",
            "ipv6_cidr_block_association_id": "",
            "map_customer_owned_ip_on_launch": false,
            "map_public_ip_on_launch": false,
            "outpost_arn": "",
            "owner_id": "319332326148",
            "tags": {
              "Environment": "dev",
              "Name": "Terraform_test_example_1-private-us-east-2a",
              "Terraform": "true"
            },
            "tags_all": {
              "Environment": "dev",
              "Name": "Terraform_test_example_1-private-us-east-2a",
              "Terraform": "true"
            },
            "timeouts": null,
            "vpc_id": "vpc-0cd2db432f280d3e3"
          },
          "sensitive_attributes": [],
          "private": "eyJlMmJmYjczMC1lY2FhLTExZTYtOGY4OC0zNDM2M2JjN2M0YzAiOnsiY3JlYXRlIjo2MDAwMDAwMDAwMDAsImRlbGV0ZSI6MTIwMDAwMDAwMDAwMH0sInNjaGVtYV92ZXJzaW9uIjoiMSJ9",
          "dependencies": [
            "module.vpc.aws_vpc.this",
            "module.vpc.aws_vpc_ipv4_cidr_block_association.this"
          ]
        }
      ]
    },
    {
      "module": "module.vpc",
      "mode": "managed",
      "type": "aws_subnet",
      "name": "public",
      "provider": "provider[\"registry.terraform.io/hashicorp/aws\"]",
      "instances": [
        {
          "index_key": 0,
          "schema_version": 1,
          "attributes": {
            "arn": "arn:aws:ec2:us-east-2:319332326148:subnet/subnet-09c779c4a6c652e2f",
            "assign_ipv6_address_on_creation": false,
            "availability_zone": "us-east-2a",
            "availability_zone_id": "use2-az1",
            "cidr_block": "10.0.101.0/24",
            "customer_owned_ipv4_pool": "",
            "id": "subnet-09c779c4a6c652e2f",
            "ipv6_cidr_block": "",
            "ipv6_cidr_block_association_id": "",
            "map_customer_owned_ip_on_launch": false,
            "map_public_ip_on_launch": true,
            "outpost_arn": "",
            "owner_id": "319332326148",
            "tags": {
              "Environment": "dev",
              "Name": "Terraform_test_example_1-public-us-east-2a",
              "Terraform": "true"
            },
            "tags_all": {
              "Environment": "dev",
              "Name": "Terraform_test_example_1-public-us-east-2a",
              "Terraform": "true"
            },
            "timeouts": null,
            "vpc_id": "vpc-0cd2db432f280d3e3"
          },
          "sensitive_attributes": [],
          "private": "eyJlMmJmYjczMC1lY2FhLTExZTYtOGY4OC0zNDM2M2JjN2M0YzAiOnsiY3JlYXRlIjo2MDAwMDAwMDAwMDAsImRlbGV0ZSI6MTIwMDAwMDAwMDAwMH0sInNjaGVtYV92ZXJzaW9uIjoiMSJ9",
          "dependencies": [
            "module.vpc.aws_vpc.this",
            "module.vpc.aws_vpc_ipv4_cidr_block_association.this"
          ],
          "create_before_destroy": true
        },
        {
          "index_key": 1,
          "schema_version": 1,
          "attributes": {
            "arn": "arn:aws:ec2:us-east-2:319332326148:subnet/subnet-00e5a4fa6ddbaecd0",
            "assign_ipv6_address_on_creation": false,
            "availability_zone": "us-east-2b",
            "availability_zone_id": "use2-az2",
            "cidr_block": "10.0.102.0/24",
            "customer_owned_ipv4_pool": "",
            "id": "subnet-00e5a4fa6ddbaecd0",
            "ipv6_cidr_block": "",
            "ipv6_cidr_block_association_id": "",
            "map_customer_owned_ip_on_launch": false,
            "map_public_ip_on_launch": true,
            "outpost_arn": "",
            "owner_id": "319332326148",
            "tags": {
              "Environment": "dev",
              "Name": "Terraform_test_example_1-public-us-east-2b",
              "Terraform": "true"
            },
            "tags_all": {
              "Environment": "dev",
              "Name": "Terraform_test_example_1-public-us-east-2b",
              "Terraform": "true"
            },
            "timeouts": null,
            "vpc_id": "vpc-0cd2db432f280d3e3"
          },
          "sensitive_attributes": [],
          "private": "eyJlMmJmYjczMC1lY2FhLTExZTYtOGY4OC0zNDM2M2JjN2M0YzAiOnsiY3JlYXRlIjo2MDAwMDAwMDAwMDAsImRlbGV0ZSI6MTIwMDAwMDAwMDAwMH0sInNjaGVtYV92ZXJzaW9uIjoiMSJ9",
          "dependencies": [
            "module.vpc.aws_vpc.this",
            "module.vpc.aws_vpc_ipv4_cidr_block_association.this"
          ],
          "create_before_destroy": true
        }
      ]
    },
    {
      "module": "module.vpc",
      "mode": "managed",
      "type": "aws_vpc",
      "name": "this",
      "provider": "provider[\"registry.terraform.io/hashicorp/aws\"]",
      "instances": [
        {
          "index_key": 0,
          "schema_version": 1,
          "attributes": {
            "arn": "arn:aws:ec2:us-east-2:319332326148:vpc/vpc-0cd2db432f280d3e3",
            "assign_generated_ipv6_cidr_block": false,
            "cidr_block": "10.0.0.0/16",
            "default_network_acl_id": "acl-0b48e633b142e62f5",
            "default_route_table_id": "rtb-0e3e646d599ba2b1f",
            "default_security_group_id": "sg-0c2fe35243a15e541",
            "dhcp_options_id": "dopt-0afd3ed1c3c1fdd55",
            "enable_classiclink": null,
            "enable_classiclink_dns_support": null,
            "enable_dns_hostnames": true,
            "enable_dns_support": true,
            "id": "vpc-0cd2db432f280d3e3",
            "instance_tenancy": "default",
            "ipv4_ipam_pool_id": null,
            "ipv4_netmask_length": null,
            "ipv6_association_id": "",
            "ipv6_cidr_block": "",
            "ipv6_ipam_pool_id": null,
            "ipv6_netmask_length": null,
            "main_route_table_id": "rtb-0e3e646d599ba2b1f",
            "owner_id": "319332326148",
            "tags": {
              "Environment": "dev",
              "Name": "Terraform_test_example_1",
              "Terraform": "true"
            },
            "tags_all": {
              "Environment": "dev",
              "Name": "Terraform_test_example_1",
              "Terraform": "true"
            }
          },
          "sensitive_attributes": [],
          "private": "eyJzY2hlbWFfdmVyc2lvbiI6IjEifQ==",
          "create_before_destroy": true
        }
      ]
    }
  ]
}
